// !$*UTF8*$!
{
	archiveVersion = 1;
	classes = {
	};
	objectVersion = 56;
	objects = {

/* Begin PBXBuildFile section */
		9D4678E629AD8FA300C080B7 /* Label.swift in Sources */ = {isa = PBXBuildFile; fileRef = 9D4678E529AD8FA300C080B7 /* Label.swift */; };
		9D4678E829AD91AC00C080B7 /* Button.swift in Sources */ = {isa = PBXBuildFile; fileRef = 9D4678E729AD91AC00C080B7 /* Button.swift */; };
		9D4678EA29ADBFAA00C080B7 /* NetworkCall.swift in Sources */ = {isa = PBXBuildFile; fileRef = 9D4678E929ADBFAA00C080B7 /* NetworkCall.swift */; };
		9D69A31629AD8045003B8212 /* AppDelegate.swift in Sources */ = {isa = PBXBuildFile; fileRef = 9D69A31529AD8045003B8212 /* AppDelegate.swift */; };
		9D69A31829AD8045003B8212 /* SceneDelegate.swift in Sources */ = {isa = PBXBuildFile; fileRef = 9D69A31729AD8045003B8212 /* SceneDelegate.swift */; };
		9D69A31A29AD8045003B8212 /* SwipVC.swift in Sources */ = {isa = PBXBuildFile; fileRef = 9D69A31929AD8045003B8212 /* SwipVC.swift */; };
		9D69A31F29AD8045003B8212 /* Assets.xcassets in Resources */ = {isa = PBXBuildFile; fileRef = 9D69A31E29AD8045003B8212 /* Assets.xcassets */; };
		9D69A32229AD8045003B8212 /* LaunchScreen.storyboard in Resources */ = {isa = PBXBuildFile; fileRef = 9D69A32029AD8045003B8212 /* LaunchScreen.storyboard */; };
/* End PBXBuildFile section */

/* Begin PBXFileReference section */
		9D4678E529AD8FA300C080B7 /* Label.swift */ = {isa = PBXFileReference; lastKnownFileType = sourcecode.swift; path = Label.swift; sourceTree = "<group>"; };
		9D4678E729AD91AC00C080B7 /* Button.swift */ = {isa = PBXFileReference; lastKnownFileType = sourcecode.swift; path = Button.swift; sourceTree = "<group>"; };
		9D4678E929ADBFAA00C080B7 /* NetworkCall.swift */ = {isa = PBXFileReference; lastKnownFileType = sourcecode.swift; path = NetworkCall.swift; sourceTree = "<group>"; };
		9D69A31229AD8045003B8212 /* ColorHues.app */ = {isa = PBXFileReference; explicitFileType = wrapper.application; includeInIndex = 0; path = ColorHues.app; sourceTree = BUILT_PRODUCTS_DIR; };
		9D69A31529AD8045003B8212 /* AppDelegate.swift */ = {isa = PBXFileReference; lastKnownFileType = sourcecode.swift; path = AppDelegate.swift; sourceTree = "<group>"; };
		9D69A31729AD8045003B8212 /* SceneDelegate.swift */ = {isa = PBXFileReference; lastKnownFileType = sourcecode.swift; path = SceneDelegate.swift; sourceTree = "<group>"; };
		9D69A31929AD8045003B8212 /* SwipVC.swift */ = {isa = PBXFileReference; lastKnownFileType = sourcecode.swift; path = SwipVC.swift; sourceTree = "<group>"; };
		9D69A31E29AD8045003B8212 /* Assets.xcassets */ = {isa = PBXFileReference; lastKnownFileType = folder.assetcatalog; path = Assets.xcassets; sourceTree = "<group>"; };
		9D69A32129AD8045003B8212 /* Base */ = {isa = PBXFileReference; lastKnownFileType = file.storyboard; name = Base; path = Base.lproj/LaunchScreen.storyboard; sourceTree = "<group>"; };
		9D69A32329AD8045003B8212 /* Info.plist */ = {isa = PBXFileReference; lastKnownFileType = text.plist.xml; path = Info.plist; sourceTree = "<group>"; };
/* End PBXFileReference section */

/* Begin PBXFrameworksBuildPhase section */
		9D69A30F29AD8045003B8212 /* Frameworks */ = {
			isa = PBXFrameworksBuildPhase;
			buildActionMask = 2147483647;
			files = (
			);
			runOnlyForDeploymentPostprocessing = 0;
		};
/* End PBXFrameworksBuildPhase section */

/* Begin PBXGroup section */
		9D69A30929AD8044003B8212 = {
			isa = PBXGroup;
			children = (
				9D69A31429AD8045003B8212 /* ColorHues */,
				9D69A31329AD8045003B8212 /* Products */,
			);
			sourceTree = "<group>";
		};
		9D69A31329AD8045003B8212 /* Products */ = {
			isa = PBXGroup;
			children = (
				9D69A31229AD8045003B8212 /* ColorHues.app */,
			);
			name = Products;
			sourceTree = "<group>";
		};
		9D69A31429AD8045003B8212 /* ColorHues */ = {
			isa = PBXGroup;
			children = (
				9D69A32C29AD8144003B8212 /* Other */,
				9D69A32B29AD80A0003B8212 /* Controller */,
				9D69A32A29AD8099003B8212 /* View */,
				9D69A32929AD808C003B8212 /* Model */,
			);
			path = ColorHues;
			sourceTree = "<group>";
		};
		9D69A32929AD808C003B8212 /* Model */ = {
			isa = PBXGroup;
			children = (
				9D4678E929ADBFAA00C080B7 /* NetworkCall.swift */,
			);
			path = Model;
			sourceTree = "<group>";
		};
		9D69A32A29AD8099003B8212 /* View */ = {
			isa = PBXGroup;
			children = (
				9D4678E529AD8FA300C080B7 /* Label.swift */,
				9D4678E729AD91AC00C080B7 /* Button.swift */,
			);
			path = View;
			sourceTree = "<group>";
		};
		9D69A32B29AD80A0003B8212 /* Controller */ = {
			isa = PBXGroup;
			children = (
				9D69A31929AD8045003B8212 /* SwipVC.swift */,
			);
			path = Controller;
			sourceTree = "<group>";
		};
		9D69A32C29AD8144003B8212 /* Other */ = {
			isa = PBXGroup;
			children = (
				9D69A31529AD8045003B8212 /* AppDelegate.swift */,
				9D69A31E29AD8045003B8212 /* Assets.xcassets */,
				9D69A32329AD8045003B8212 /* Info.plist */,
				9D69A32029AD8045003B8212 /* LaunchScreen.storyboard */,
				9D69A31729AD8045003B8212 /* SceneDelegate.swift */,
			);
			name = Other;
			sourceTree = "<group>";
		};
/* End PBXGroup section */

/* Begin PBXNativeTarget section */
		9D69A31129AD8045003B8212 /* ColorHues */ = {
			isa = PBXNativeTarget;
			buildConfigurationList = 9D69A32629AD8045003B8212 /* Build configuration list for PBXNativeTarget "ColorHues" */;
			buildPhases = (
				9D69A30E29AD8045003B8212 /* Sources */,
				9D69A30F29AD8045003B8212 /* Frameworks */,
				9D69A31029AD8045003B8212 /* Resources */,
			);
			buildRules = (
			);
			dependencies = (
			);
			name = ColorHues;
			productName = ColorHues;
			productReference = 9D69A31229AD8045003B8212 /* ColorHues.app */;
			productType = "com.apple.product-type.application";
		};
/* End PBXNativeTarget section */

/* Begin PBXProject section */
		9D69A30A29AD8044003B8212 /* Project object */ = {
			isa = PBXProject;
			attributes = {
				BuildIndependentTargetsInParallel = 1;
				LastSwiftUpdateCheck = 1400;
				LastUpgradeCheck = 1400;
				TargetAttributes = {
					9D69A31129AD8045003B8212 = {
						CreatedOnToolsVersion = 14.0.1;
					};
				};
			};
			buildConfigurationList = 9D69A30D29AD8044003B8212 /* Build configuration list for PBXProject "ColorHues" */;
			compatibilityVersion = "Xcode 14.0";
			developmentRegion = en;
			hasScannedForEncodings = 0;
			knownRegions = (
				en,
				Base,
			);
			mainGroup = 9D69A30929AD8044003B8212;
			productRefGroup = 9D69A31329AD8045003B8212 /* Products */;
			projectDirPath = "";
			projectRoot = "";
			targets = (
				9D69A31129AD8045003B8212 /* ColorHues */,
			);
		};
/* End PBXProject section */

/* Begin PBXResourcesBuildPhase section */
		9D69A31029AD8045003B8212 /* Resources */ = {
			isa = PBXResourcesBuildPhase;
			buildActionMask = 2147483647;
			files = (
				9D69A32229AD8045003B8212 /* LaunchScreen.storyboard in Resources */,
				9D69A31F29AD8045003B8212 /* Assets.xcassets in Resources */,
			);
			runOnlyForDeploymentPostprocessing = 0;
		};
/* End PBXResourcesBuildPhase section */

/* Begin PBXSourcesBuildPhase section */
		9D69A30E29AD8045003B8212 /* Sources */ = {
			isa = PBXSourcesBuildPhase;
			buildActionMask = 2147483647;
			files = (
				9D4678E829AD91AC00C080B7 /* Button.swift in Sources */,
				9D69A31A29AD8045003B8212 /* SwipVC.swift in Sources */,
				9D69A31629AD8045003B8212 /* AppDelegate.swift in Sources */,
				9D4678E629AD8FA300C080B7 /* Label.swift in Sources */,
				9D4678EA29ADBFAA00C080B7 /* NetworkCall.swift in Sources */,
				9D69A31829AD8045003B8212 /* SceneDelegate.swift in Sources */,
			);
			runOnlyForDeploymentPostprocessing = 0;
		};
/* End PBXSourcesBuildPhase section */

/* Begin PBXVariantGroup section */
		9D69A32029AD8045003B8212 /* LaunchScreen.storyboard */ = {
			isa = PBXVariantGroup;
			children = (
				9D69A32129AD8045003B8212 /* Base */,
			);
			name = LaunchScreen.storyboard;
			sourceTree = "<group>";
		};
/* End PBXVariantGroup section */

/* Begin XCBuildConfiguration section */
		9D69A32429AD8045003B8212 /* Debug */ = {
			isa = XCBuildConfiguration;
			buildSettings = {
				ALWAYS_SEARCH_USER_PATHS = NO;
				CLANG_ANALYZER_NONNULL = YES;
				CLANG_ANALYZER_NUMBER_OBJECT_CONVERSION = YES_AGGRESSIVE;
				CLANG_CXX_LANGUAGE_STANDARD = "gnu++20";
				CLANG_ENABLE_MODULES = YES;
				CLANG_ENABLE_OBJC_ARC = YES;
				CLANG_ENABLE_OBJC_WEAK = YES;
				CLANG_WARN_BLOCK_CAPTURE_AUTORELEASING = YES;
				CLANG_WARN_BOOL_CONVERSION = YES;
				CLANG_WARN_COMMA = YES;
				CLANG_WARN_CONSTANT_CONVERSION = YES;
				CLANG_WARN_DEPRECATED_OBJC_IMPLEMENTATIONS = YES;
				CLANG_WARN_DIRECT_OBJC_ISA_USAGE = YES_ERROR;
				CLANG_WARN_DOCUMENTATION_COMMENTS = YES;
				CLANG_WARN_EMPTY_BODY = YES;
				CLANG_WARN_ENUM_CONVERSION = YES;
				CLANG_WARN_INFINITE_RECURSION = YES;
				CLANG_WARN_INT_CONVERSION = YES;
				CLANG_WARN_NON_LITERAL_NULL_CONVERSION = YES;
				CLANG_WARN_OBJC_IMPLICIT_RETAIN_SELF = YES;
				CLANG_WARN_OBJC_LITERAL_CONVERSION = YES;
				CLANG_WARN_OBJC_ROOT_CLASS = YES_ERROR;
				CLANG_WARN_QUOTED_INCLUDE_IN_FRAMEWORK_HEADER = YES;
				CLANG_WARN_RANGE_LOOP_ANALYSIS = YES;
				CLANG_WARN_STRICT_PROTOTYPES = YES;
				CLANG_WARN_SUSPICIOUS_MOVE = YES;
				CLANG_WARN_UNGUARDED_AVAILABILITY = YES_AGGRESSIVE;
				CLANG_WARN_UNREACHABLE_CODE = YES;
				CLANG_WARN__DUPLICATE_METHOD_MATCH = YES;
				COPY_PHASE_STRIP = NO;
				DEBUG_INFORMATION_FORMAT = dwarf;
				ENABLE_STRICT_OBJC_MSGSEND = YES;
				ENABLE_TESTABILITY = YES;
				GCC_C_LANGUAGE_STANDARD = gnu11;
				GCC_DYNAMIC_NO_PIC = NO;
				GCC_NO_COMMON_BLOCKS = YES;
				GCC_OPTIMIZATION_LEVEL = 0;
				GCC_PREPROCESSOR_DEFINITIONS = (
					"DEBUG=1",
					"$(inherited)",
				);
				GCC_WARN_64_TO_32_BIT_CONVERSION = YES;
				GCC_WARN_ABOUT_RETURN_TYPE = YES_ERROR;
				GCC_WARN_UNDECLARED_SELECTOR = YES;
				GCC_WARN_UNINITIALIZED_AUTOS = YES_AGGRESSIVE;
				GCC_WARN_UNUSED_FUNCTION = YES;
				GCC_WARN_UNUSED_VARIABLE = YES;
				IPHONEOS_DEPLOYMENT_TARGET = 16.0;
				MTL_ENABLE_DEBUG_INFO = INCLUDE_SOURCE;
				MTL_FAST_MATH = YES;
				ONLY_ACTIVE_ARCH = YES;
				SDKROOT = iphoneos;
				SWIFT_ACTIVE_COMPILATION_CONDITIONS = DEBUG;
				SWIFT_OPTIMIZATION_LEVEL = "-Onone";
			};
			name = Debug;
		};
		9D69A32529AD8045003B8212 /* Release */ = {
			isa = XCBuildConfiguration;
			buildSettings = {
				ALWAYS_SEARCH_USER_PATHS = NO;
				CLANG_ANALYZER_NONNULL = YES;
				CLANG_ANALYZER_NUMBER_OBJECT_CONVERSION = YES_AGGRESSIVE;
				CLANG_CXX_LANGUAGE_STANDARD = "gnu++20";
				CLANG_ENABLE_MODULES = YES;
				CLANG_ENABLE_OBJC_ARC = YES;
				CLANG_ENABLE_OBJC_WEAK = YES;
				CLANG_WARN_BLOCK_CAPTURE_AUTORELEASING = YES;
				CLANG_WARN_BOOL_CONVERSION = YES;
				CLANG_WARN_COMMA = YES;
				CLANG_WARN_CONSTANT_CONVERSION = YES;
				CLANG_WARN_DEPRECATED_OBJC_IMPLEMENTATIONS = YES;
				CLANG_WARN_DIRECT_OBJC_ISA_USAGE = YES_ERROR;
				CLANG_WARN_DOCUMENTATION_COMMENTS = YES;
				CLANG_WARN_EMPTY_BODY = YES;
				CLANG_WARN_ENUM_CONVERSION = YES;
				CLANG_WARN_INFINITE_RECURSION = YES;
				CLANG_WARN_INT_CONVERSION = YES;
				CLANG_WARN_NON_LITERAL_NULL_CONVERSION = YES;
				CLANG_WARN_OBJC_IMPLICIT_RETAIN_SELF = YES;
				CLANG_WARN_OBJC_LITERAL_CONVERSION = YES;
				CLANG_WARN_OBJC_ROOT_CLASS = YES_ERROR;
				CLANG_WARN_QUOTED_INCLUDE_IN_FRAMEWORK_HEADER = YES;
				CLANG_WARN_RANGE_LOOP_ANALYSIS = YES;
				CLANG_WARN_STRICT_PROTOTYPES = YES;
				CLANG_WARN_SUSPICIOUS_MOVE = YES;
				CLANG_WARN_UNGUARDED_AVAILABILITY = YES_AGGRESSIVE;
				CLANG_WARN_UNREACHABLE_CODE = YES;
				CLANG_WARN__DUPLICATE_METHOD_MATCH = YES;
				COPY_PHASE_STRIP = NO;
				DEBUG_INFORMATION_FORMAT = "dwarf-with-dsym";
				ENABLE_NS_ASSERTIONS = NO;
				ENABLE_STRICT_OBJC_MSGSEND = YES;
				GCC_C_LANGUAGE_STANDARD = gnu11;
				GCC_NO_COMMON_BLOCKS = YES;
				GCC_WARN_64_TO_32_BIT_CONVERSION = YES;
				GCC_WARN_ABOUT_RETURN_TYPE = YES_ERROR;
				GCC_WARN_UNDECLARED_SELECTOR = YES;
				GCC_WARN_UNINITIALIZED_AUTOS = YES_AGGRESSIVE;
				GCC_WARN_UNUSED_FUNCTION = YES;
				GCC_WARN_UNUSED_VARIABLE = YES;
				IPHONEOS_DEPLOYMENT_TARGET = 16.0;
				MTL_ENABLE_DEBUG_INFO = NO;
				MTL_FAST_MATH = YES;
				SDKROOT = iphoneos;
				SWIFT_COMPILATION_MODE = wholemodule;
				SWIFT_OPTIMIZATION_LEVEL = "-O";
				VALIDATE_PRODUCT = YES;
			};
			name = Release;
		};
		9D69A32729AD8045003B8212 /* Debug */ = {
			isa = XCBuildConfiguration;
			buildSettings = {
				ASSETCATALOG_COMPILER_APPICON_NAME = AppIcon;
				ASSETCATALOG_COMPILER_GLOBAL_ACCENT_COLOR_NAME = AccentColor;
				CODE_SIGN_STYLE = Automatic;
				CURRENT_PROJECT_VERSION = 1;
				DEVELOPMENT_TEAM = 8S68B3VNH7;
				GENERATE_INFOPLIST_FILE = YES;
				INFOPLIST_FILE = ColorHues/Info.plist;
				INFOPLIST_KEY_UIApplicationSupportsIndirectInputEvents = YES;
				INFOPLIST_KEY_UILaunchStoryboardName = LaunchScreen;
				INFOPLIST_KEY_UISupportedInterfaceOrientations_iPad = "UIInterfaceOrientationPortrait UIInterfaceOrientationPortraitUpsideDown UIInterfaceOrientationLandscapeLeft UIInterfaceOrientationLandscapeRight";
				INFOPLIST_KEY_UISupportedInterfaceOrientations_iPhone = "UIInterfaceOrientationPortrait UIInterfaceOrientationLandscapeLeft UIInterfaceOrientationLandscapeRight";
				LD_RUNPATH_SEARCH_PATHS = (
					"$(inherited)",
					"@executable_path/Frameworks",
				);
				MARKETING_VERSION = 1.0;
				PRODUCT_BUNDLE_IDENTIFIER = "ethan-gonsalves.ColorHues";
				PRODUCT_NAME = "$(TARGET_NAME)";
				SWIFT_EMIT_LOC_STRINGS = YES;
				SWIFT_VERSION = 5.0;
				TARGETED_DEVICE_FAMILY = "1,2";
			};
			name = Debug;
		};
		9D69A32829AD8045003B8212 /* Release */ = {
			isa = XCBuildConfiguration;
			buildSettings = {
				ASSETCATALOG_COMPILER_APPICON_NAME = AppIcon;
				ASSETCATALOG_COMPILER_GLOBAL_ACCENT_COLOR_NAME = AccentColor;
				CODE_SIGN_STYLE = Automatic;
				CURRENT_PROJECT_VERSION = 1;
				DEVELOPMENT_TEAM = 8S68B3VNH7;
				GENERATE_INFOPLIST_FILE = YES;
				INFOPLIST_FILE = ColorHues/Info.plist;
				INFOPLIST_KEY_UIApplicationSupportsIndirectInputEvents = YES;
				INFOPLIST_KEY_UILaunchStoryboardName = LaunchScreen;
				INFOPLIST_KEY_UISupportedInterfaceOrientations_iPad = "UIInterfaceOrientationPortrait UIInterfaceOrientationPortraitUpsideDown UIInterfaceOrientationLandscapeLeft UIInterfaceOrientationLandscapeRight";
				INFOPLIST_KEY_UISupportedInterfaceOrientations_iPhone = "UIInterfaceOrientationPortrait UIInterfaceOrientationLandscapeLeft UIInterfaceOrientationLandscapeRight";
				LD_RUNPATH_SEARCH_PATHS = (
					"$(inherited)",
					"@executable_path/Frameworks",
				);
				MARKETING_VERSION = 1.0;
				PRODUCT_BUNDLE_IDENTIFIER = "ethan-gonsalves.ColorHues";
				PRODUCT_NAME = "$(TARGET_NAME)";
				SWIFT_EMIT_LOC_STRINGS = YES;
				SWIFT_VERSION = 5.0;
				TARGETED_DEVICE_FAMILY = "1,2";
			};
			name = Release;
		};
/* End XCBuildConfiguration section */

/* Begin XCConfigurationList section */
		9D69A30D29AD8044003B8212 /* Build configuration list for PBXProject "ColorHues" */ = {
			isa = XCConfigurationList;
			buildConfigurations = (
				9D69A32429AD8045003B8212 /* Debug */,
				9D69A32529AD8045003B8212 /* Release */,
			);
			defaultConfigurationIsVisible = 0;
			defaultConfigurationName = Release;
		};
		9D69A32629AD8045003B8212 /* Build configuration list for PBXNativeTarget "ColorHues" */ = {
			isa = XCConfigurationList;
			buildConfigurations = (
				9D69A32729AD8045003B8212 /* Debug */,
				9D69A32829AD8045003B8212 /* Release */,
			);
			defaultConfigurationIsVisible = 0;
			defaultConfigurationName = Release;
		};
/* End XCConfigurationList section */
	};
	rootObject = 9D69A30A29AD8044003B8212 /* Project object */;
}
